
Microsoft Visual Studio Solution File, Format Version 12.00
# Visual Studio Version 17
VisualStudioVersion = 17.4.33205.214
MinimumVisualStudioVersion = 10.0.40219.1
Project("{FAE04EC0-301F-11D3-BF4B-00C04F79EFBC}") = "ControlStatements", "ControlStatements\ControlStatements.csproj", "{7F4E8060-C81E-449E-A668-7EC68DE01160}"
EndProject
Project("{FAE04EC0-301F-11D3-BF4B-00C04F79EFBC}") = "Collections", "Collections\Collections.csproj", "{7555057C-A9F0-4524-B6E6-B6445F794616}"
EndProject
Project("{FAE04EC0-301F-11D3-BF4B-00C04F79EFBC}") = "ClassandObjectsBasics", "ClassandObjectsBasics\ClassandObjectsBasics.csproj", "{50D2433F-13E6-4757-9F4D-37CBE57A3611}"
EndProject
Project("{FAE04EC0-301F-11D3-BF4B-00C04F79EFBC}") = "EnumDemo", "EnumDemo\EnumDemo.csproj", "{76F41F57-222E-4A3A-BEA5-2EB70672E9DE}"
EndProject
Project("{FAE04EC0-301F-11D3-BF4B-00C04F79EFBC}") = "SearchDemo", "SearchDemo\SearchDemo.csproj", "{D685701B-5818-4D93-B9D4-9C30BF02F531}"
EndProject
Project("{FAE04EC0-301F-11D3-BF4B-00C04F79EFBC}") = "InheritanceDemo", "InheritanceDemo\InheritanceDemo.csproj", "{0FFA1C20-200F-4786-B9A6-61B1731CB8F6}"
EndProject
Project("{FAE04EC0-301F-11D3-BF4B-00C04F79EFBC}") = "MultiLevelInheritance", "AbstractionandEncapsultion\MultiLevelInheritance.csproj", "{8F1C136D-5F9C-4374-80AE-9334CFC91A90}"
EndProject
Project("{FAE04EC0-301F-11D3-BF4B-00C04F79EFBC}") = "AbstractionandEncapsulation", "AbstractionandEncapsulation\AbstractionandEncapsulation.csproj", "{D3DF3F63-7A2C-4615-8ACC-4208AE786158}"
EndProject
Project("{FAE04EC0-301F-11D3-BF4B-00C04F79EFBC}") = "PoloymorphismDemo", "PoloymorphismDemo\PoloymorphismDemo.csproj", "{18B1A8B4-98C6-4AA2-822F-68A71B03341F}"
EndProject
Project("{FAE04EC0-301F-11D3-BF4B-00C04F79EFBC}") = "ExceptionHandling", "ExceptionHandling\ExceptionHandling.csproj", "{840292A2-40C6-4DC3-A50C-530B34F6D1EE}"
EndProject
Project("{FAE04EC0-301F-11D3-BF4B-00C04F79EFBC}") = "CallByvalueandCallByrefDemo", "CallByvalueandCallByrefDemo\CallByvalueandCallByrefDemo.csproj", "{8C0E0E30-0F4B-4EF9-A900-F51365D521F3}"
EndProject
Project("{FAE04EC0-301F-11D3-BF4B-00C04F79EFBC}") = "DemoQueringData", "DemoQueringData\DemoQueringData.csproj", "{E33C4B3F-D098-45FF-80E8-BDE3936382DE}"
EndProject
Project("{FAE04EC0-301F-11D3-BF4B-00C04F79EFBC}") = "AsyncDemo", "AsyncDemo\AsyncDemo.csproj", "{9C155919-065D-4841-9BC5-818FA864CC8A}"
EndProject
Project("{FAE04EC0-301F-11D3-BF4B-00C04F79EFBC}") = "ADODemo", "ADODemo\ADODemo.csproj", "{0BB33FD4-F59B-408B-8DDD-B746D0E41ABD}"
EndProject
Project("{FAE04EC0-301F-11D3-BF4B-00C04F79EFBC}") = "ADODemoOrganised", "ADODemoOrganised\ADODemoOrganised.csproj", "{DE540DB0-BFF7-4146-BA80-1723A825F805}"
EndProject
Project("{FAE04EC0-301F-11D3-BF4B-00C04F79EFBC}") = "EFDbFirstApproach", "EFDbFirstApproach\EFDbFirstApproach.csproj", "{2B71B799-D4A6-4CFB-B630-2E7D1444F0E1}"
EndProject
Project("{FAE04EC0-301F-11D3-BF4B-00C04F79EFBC}") = "EFCodeFirstApproach", "EFCodeFirstApproach\EFCodeFirstApproach.csproj", "{2992231E-BFB1-4A1A-ADEF-030786BA8347}"
EndProject
Project("{2150E333-8FDC-42A3-9474-1A3956D46DE8}") = "DataLayer", "DataLayer", "{68AF9C6E-ABC0-4544-A14C-863030DC858D}"
EndProject
Project("{2150E333-8FDC-42A3-9474-1A3956D46DE8}") = "ServiceLayer", "ServiceLayer", "{048C7BB8-4ADA-4332-AAD2-2FB29B62F2F2}"
EndProject
Project("{FAE04EC0-301F-11D3-BF4B-00C04F79EFBC}") = "DataLayer", "DataLayer\DataLayer.csproj", "{DFA9F478-743A-45C6-8FBA-851542441049}"
EndProject
Project("{FAE04EC0-301F-11D3-BF4B-00C04F79EFBC}") = "ServiceLayer", "ServiceLayer\ServiceLayer.csproj", "{AD28F8B5-42A6-44AA-B8E4-7AB7EA9F976F}"
EndProject
Project("{FAE04EC0-301F-11D3-BF4B-00C04F79EFBC}") = "APILayer", "APILayer\APILayer.csproj", "{B96BDBD1-9B4D-4647-AD44-E209679242ED}"
EndProject
Project("{2150E333-8FDC-42A3-9474-1A3956D46DE8}") = "ConsoleAPI", "ConsoleAPI", "{CAD7C6CA-3BBA-4E49-97CD-008048A11C66}"
EndProject
Global
	GlobalSection(SolutionConfigurationPlatforms) = preSolution
		Debug|Any CPU = Debug|Any CPU
		Release|Any CPU = Release|Any CPU
	EndGlobalSection
	GlobalSection(ProjectConfigurationPlatforms) = postSolution
		{7F4E8060-C81E-449E-A668-7EC68DE01160}.Debug|Any CPU.ActiveCfg = Debug|Any CPU
		{7F4E8060-C81E-449E-A668-7EC68DE01160}.Debug|Any CPU.Build.0 = Debug|Any CPU
		{7F4E8060-C81E-449E-A668-7EC68DE01160}.Release|Any CPU.ActiveCfg = Release|Any CPU
		{7F4E8060-C81E-449E-A668-7EC68DE01160}.Release|Any CPU.Build.0 = Release|Any CPU
		{7555057C-A9F0-4524-B6E6-B6445F794616}.Debug|Any CPU.ActiveCfg = Debug|Any CPU
		{7555057C-A9F0-4524-B6E6-B6445F794616}.Debug|Any CPU.Build.0 = Debug|Any CPU
		{7555057C-A9F0-4524-B6E6-B6445F794616}.Release|Any CPU.ActiveCfg = Release|Any CPU
		{7555057C-A9F0-4524-B6E6-B6445F794616}.Release|Any CPU.Build.0 = Release|Any CPU
		{50D2433F-13E6-4757-9F4D-37CBE57A3611}.Debug|Any CPU.ActiveCfg = Debug|Any CPU
		{50D2433F-13E6-4757-9F4D-37CBE57A3611}.Debug|Any CPU.Build.0 = Debug|Any CPU
		{50D2433F-13E6-4757-9F4D-37CBE57A3611}.Release|Any CPU.ActiveCfg = Release|Any CPU
		{50D2433F-13E6-4757-9F4D-37CBE57A3611}.Release|Any CPU.Build.0 = Release|Any CPU
		{76F41F57-222E-4A3A-BEA5-2EB70672E9DE}.Debug|Any CPU.ActiveCfg = Debug|Any CPU
		{76F41F57-222E-4A3A-BEA5-2EB70672E9DE}.Debug|Any CPU.Build.0 = Debug|Any CPU
		{76F41F57-222E-4A3A-BEA5-2EB70672E9DE}.Release|Any CPU.ActiveCfg = Release|Any CPU
		{76F41F57-222E-4A3A-BEA5-2EB70672E9DE}.Release|Any CPU.Build.0 = Release|Any CPU
		{D685701B-5818-4D93-B9D4-9C30BF02F531}.Debug|Any CPU.ActiveCfg = Debug|Any CPU
		{D685701B-5818-4D93-B9D4-9C30BF02F531}.Debug|Any CPU.Build.0 = Debug|Any CPU
		{D685701B-5818-4D93-B9D4-9C30BF02F531}.Release|Any CPU.ActiveCfg = Release|Any CPU
		{D685701B-5818-4D93-B9D4-9C30BF02F531}.Release|Any CPU.Build.0 = Release|Any CPU
		{0FFA1C20-200F-4786-B9A6-61B1731CB8F6}.Debug|Any CPU.ActiveCfg = Debug|Any CPU
		{0FFA1C20-200F-4786-B9A6-61B1731CB8F6}.Debug|Any CPU.Build.0 = Debug|Any CPU
		{0FFA1C20-200F-4786-B9A6-61B1731CB8F6}.Release|Any CPU.ActiveCfg = Release|Any CPU
		{0FFA1C20-200F-4786-B9A6-61B1731CB8F6}.Release|Any CPU.Build.0 = Release|Any CPU
		{8F1C136D-5F9C-4374-80AE-9334CFC91A90}.Debug|Any CPU.ActiveCfg = Debug|Any CPU
		{8F1C136D-5F9C-4374-80AE-9334CFC91A90}.Debug|Any CPU.Build.0 = Debug|Any CPU
		{8F1C136D-5F9C-4374-80AE-9334CFC91A90}.Release|Any CPU.ActiveCfg = Release|Any CPU
		{8F1C136D-5F9C-4374-80AE-9334CFC91A90}.Release|Any CPU.Build.0 = Release|Any CPU
		{D3DF3F63-7A2C-4615-8ACC-4208AE786158}.Debug|Any CPU.ActiveCfg = Debug|Any CPU
		{D3DF3F63-7A2C-4615-8ACC-4208AE786158}.Debug|Any CPU.Build.0 = Debug|Any CPU
		{D3DF3F63-7A2C-4615-8ACC-4208AE786158}.Release|Any CPU.ActiveCfg = Release|Any CPU
		{D3DF3F63-7A2C-4615-8ACC-4208AE786158}.Release|Any CPU.Build.0 = Release|Any CPU
		{18B1A8B4-98C6-4AA2-822F-68A71B03341F}.Debug|Any CPU.ActiveCfg = Debug|Any CPU
		{18B1A8B4-98C6-4AA2-822F-68A71B03341F}.Debug|Any CPU.Build.0 = Debug|Any CPU
		{18B1A8B4-98C6-4AA2-822F-68A71B03341F}.Release|Any CPU.ActiveCfg = Release|Any CPU
		{18B1A8B4-98C6-4AA2-822F-68A71B03341F}.Release|Any CPU.Build.0 = Release|Any CPU
		{840292A2-40C6-4DC3-A50C-530B34F6D1EE}.Debug|Any CPU.ActiveCfg = Debug|Any CPU
		{840292A2-40C6-4DC3-A50C-530B34F6D1EE}.Debug|Any CPU.Build.0 = Debug|Any CPU
		{840292A2-40C6-4DC3-A50C-530B34F6D1EE}.Release|Any CPU.ActiveCfg = Release|Any CPU
		{840292A2-40C6-4DC3-A50C-530B34F6D1EE}.Release|Any CPU.Build.0 = Release|Any CPU
		{8C0E0E30-0F4B-4EF9-A900-F51365D521F3}.Debug|Any CPU.ActiveCfg = Debug|Any CPU
		{8C0E0E30-0F4B-4EF9-A900-F51365D521F3}.Debug|Any CPU.Build.0 = Debug|Any CPU
		{8C0E0E30-0F4B-4EF9-A900-F51365D521F3}.Release|Any CPU.ActiveCfg = Release|Any CPU
		{8C0E0E30-0F4B-4EF9-A900-F51365D521F3}.Release|Any CPU.Build.0 = Release|Any CPU
		{E33C4B3F-D098-45FF-80E8-BDE3936382DE}.Debug|Any CPU.ActiveCfg = Debug|Any CPU
		{E33C4B3F-D098-45FF-80E8-BDE3936382DE}.Debug|Any CPU.Build.0 = Debug|Any CPU
		{E33C4B3F-D098-45FF-80E8-BDE3936382DE}.Release|Any CPU.ActiveCfg = Release|Any CPU
		{E33C4B3F-D098-45FF-80E8-BDE3936382DE}.Release|Any CPU.Build.0 = Release|Any CPU
		{9C155919-065D-4841-9BC5-818FA864CC8A}.Debug|Any CPU.ActiveCfg = Debug|Any CPU
		{9C155919-065D-4841-9BC5-818FA864CC8A}.Debug|Any CPU.Build.0 = Debug|Any CPU
		{9C155919-065D-4841-9BC5-818FA864CC8A}.Release|Any CPU.ActiveCfg = Release|Any CPU
		{9C155919-065D-4841-9BC5-818FA864CC8A}.Release|Any CPU.Build.0 = Release|Any CPU
		{0BB33FD4-F59B-408B-8DDD-B746D0E41ABD}.Debug|Any CPU.ActiveCfg = Debug|Any CPU
		{0BB33FD4-F59B-408B-8DDD-B746D0E41ABD}.Debug|Any CPU.Build.0 = Debug|Any CPU
		{0BB33FD4-F59B-408B-8DDD-B746D0E41ABD}.Release|Any CPU.ActiveCfg = Release|Any CPU
		{0BB33FD4-F59B-408B-8DDD-B746D0E41ABD}.Release|Any CPU.Build.0 = Release|Any CPU
		{DE540DB0-BFF7-4146-BA80-1723A825F805}.Debug|Any CPU.ActiveCfg = Debug|Any CPU
		{DE540DB0-BFF7-4146-BA80-1723A825F805}.Debug|Any CPU.Build.0 = Debug|Any CPU
		{DE540DB0-BFF7-4146-BA80-1723A825F805}.Release|Any CPU.ActiveCfg = Release|Any CPU
		{DE540DB0-BFF7-4146-BA80-1723A825F805}.Release|Any CPU.Build.0 = Release|Any CPU
		{2B71B799-D4A6-4CFB-B630-2E7D1444F0E1}.Debug|Any CPU.ActiveCfg = Debug|Any CPU
		{2B71B799-D4A6-4CFB-B630-2E7D1444F0E1}.Debug|Any CPU.Build.0 = Debug|Any CPU
		{2B71B799-D4A6-4CFB-B630-2E7D1444F0E1}.Release|Any CPU.ActiveCfg = Release|Any CPU
		{2B71B799-D4A6-4CFB-B630-2E7D1444F0E1}.Release|Any CPU.Build.0 = Release|Any CPU
		{2992231E-BFB1-4A1A-ADEF-030786BA8347}.Debug|Any CPU.ActiveCfg = Debug|Any CPU
		{2992231E-BFB1-4A1A-ADEF-030786BA8347}.Debug|Any CPU.Build.0 = Debug|Any CPU
		{2992231E-BFB1-4A1A-ADEF-030786BA8347}.Release|Any CPU.ActiveCfg = Release|Any CPU
		{2992231E-BFB1-4A1A-ADEF-030786BA8347}.Release|Any CPU.Build.0 = Release|Any CPU
		{DFA9F478-743A-45C6-8FBA-851542441049}.Debug|Any CPU.ActiveCfg = Debug|Any CPU
		{DFA9F478-743A-45C6-8FBA-851542441049}.Debug|Any CPU.Build.0 = Debug|Any CPU
		{DFA9F478-743A-45C6-8FBA-851542441049}.Release|Any CPU.ActiveCfg = Release|Any CPU
		{DFA9F478-743A-45C6-8FBA-851542441049}.Release|Any CPU.Build.0 = Release|Any CPU
		{AD28F8B5-42A6-44AA-B8E4-7AB7EA9F976F}.Debug|Any CPU.ActiveCfg = Debug|Any CPU
		{AD28F8B5-42A6-44AA-B8E4-7AB7EA9F976F}.Debug|Any CPU.Build.0 = Debug|Any CPU
		{AD28F8B5-42A6-44AA-B8E4-7AB7EA9F976F}.Release|Any CPU.ActiveCfg = Release|Any CPU
		{AD28F8B5-42A6-44AA-B8E4-7AB7EA9F976F}.Release|Any CPU.Build.0 = Release|Any CPU
		{B96BDBD1-9B4D-4647-AD44-E209679242ED}.Debug|Any CPU.ActiveCfg = Debug|Any CPU
		{B96BDBD1-9B4D-4647-AD44-E209679242ED}.Debug|Any CPU.Build.0 = Debug|Any CPU
		{B96BDBD1-9B4D-4647-AD44-E209679242ED}.Release|Any CPU.ActiveCfg = Release|Any CPU
		{B96BDBD1-9B4D-4647-AD44-E209679242ED}.Release|Any CPU.Build.0 = Release|Any CPU
	EndGlobalSection
	GlobalSection(SolutionProperties) = preSolution
		HideSolutionNode = FALSE
	EndGlobalSection
	GlobalSection(NestedProjects) = preSolution
		{DFA9F478-743A-45C6-8FBA-851542441049} = {68AF9C6E-ABC0-4544-A14C-863030DC858D}
		{AD28F8B5-42A6-44AA-B8E4-7AB7EA9F976F} = {048C7BB8-4ADA-4332-AAD2-2FB29B62F2F2}
		{B96BDBD1-9B4D-4647-AD44-E209679242ED} = {CAD7C6CA-3BBA-4E49-97CD-008048A11C66}
	EndGlobalSection
	GlobalSection(ExtensibilityGlobals) = postSolution
		SolutionGuid = {0177592B-799A-41A6-8D47-52A709B8C16F}
	EndGlobalSection
EndGlobal
