
Microsoft Visual Studio Solution File, Format Version 12.00
# Visual Studio Version 17
VisualStudioVersion = 17.4.33205.214
MinimumVisualStudioVersion = 10.0.40219.1
Project("{9A19103F-16F7-4668-BE54-9A1E7A4F7556}") = "Basics", "Basics\Basics.csproj", "{7264900D-63F3-4726-885E-43F982DCCA30}"
EndProject
Project("{FAE04EC0-301F-11D3-BF4B-00C04F79EFBC}") = "ControlStatements", "ControlStatements\ControlStatements.csproj", "{7F4E8060-C81E-449E-A668-7EC68DE01160}"
EndProject
Project("{FAE04EC0-301F-11D3-BF4B-00C04F79EFBC}") = "Collections", "Collections\Collections.csproj", "{7555057C-A9F0-4524-B6E6-B6445F794616}"
EndProject
Project("{FAE04EC0-301F-11D3-BF4B-00C04F79EFBC}") = "ClassandObjectsBasics", "ClassandObjectsBasics\ClassandObjectsBasics.csproj", "{50D2433F-13E6-4757-9F4D-37CBE57A3611}"
EndProject
Project("{FAE04EC0-301F-11D3-BF4B-00C04F79EFBC}") = "EnumDemo", "EnumDemo\EnumDemo.csproj", "{76F41F57-222E-4A3A-BEA5-2EB70672E9DE}"
EndProject
Project("{FAE04EC0-301F-11D3-BF4B-00C04F79EFBC}") = "SearchDemo", "SearchDemo\SearchDemo.csproj", "{D685701B-5818-4D93-B9D4-9C30BF02F531}"
EndProject
Project("{FAE04EC0-301F-11D3-BF4B-00C04F79EFBC}") = "InheritanceDemo", "InheritanceDemo\InheritanceDemo.csproj", "{0FFA1C20-200F-4786-B9A6-61B1731CB8F6}"
EndProject
Project("{FAE04EC0-301F-11D3-BF4B-00C04F79EFBC}") = "AbstractionandEncapsultion", "AbstractionandEncapsultion\AbstractionandEncapsultion.csproj", "{8F1C136D-5F9C-4374-80AE-9334CFC91A90}"
EndProject
Global
	GlobalSection(SolutionConfigurationPlatforms) = preSolution
		Debug|Any CPU = Debug|Any CPU
		Release|Any CPU = Release|Any CPU
	EndGlobalSection
	GlobalSection(ProjectConfigurationPlatforms) = postSolution
		{7264900D-63F3-4726-885E-43F982DCCA30}.Debug|Any CPU.ActiveCfg = Debug|Any CPU
		{7264900D-63F3-4726-885E-43F982DCCA30}.Debug|Any CPU.Build.0 = Debug|Any CPU
		{7264900D-63F3-4726-885E-43F982DCCA30}.Release|Any CPU.ActiveCfg = Release|Any CPU
		{7264900D-63F3-4726-885E-43F982DCCA30}.Release|Any CPU.Build.0 = Release|Any CPU
		{7F4E8060-C81E-449E-A668-7EC68DE01160}.Debug|Any CPU.ActiveCfg = Debug|Any CPU
		{7F4E8060-C81E-449E-A668-7EC68DE01160}.Debug|Any CPU.Build.0 = Debug|Any CPU
		{7F4E8060-C81E-449E-A668-7EC68DE01160}.Release|Any CPU.ActiveCfg = Release|Any CPU
		{7F4E8060-C81E-449E-A668-7EC68DE01160}.Release|Any CPU.Build.0 = Release|Any CPU
		{7555057C-A9F0-4524-B6E6-B6445F794616}.Debug|Any CPU.ActiveCfg = Debug|Any CPU
		{7555057C-A9F0-4524-B6E6-B6445F794616}.Debug|Any CPU.Build.0 = Debug|Any CPU
		{7555057C-A9F0-4524-B6E6-B6445F794616}.Release|Any CPU.ActiveCfg = Release|Any CPU
		{7555057C-A9F0-4524-B6E6-B6445F794616}.Release|Any CPU.Build.0 = Release|Any CPU
		{50D2433F-13E6-4757-9F4D-37CBE57A3611}.Debug|Any CPU.ActiveCfg = Debug|Any CPU
		{50D2433F-13E6-4757-9F4D-37CBE57A3611}.Debug|Any CPU.Build.0 = Debug|Any CPU
		{50D2433F-13E6-4757-9F4D-37CBE57A3611}.Release|Any CPU.ActiveCfg = Release|Any CPU
		{50D2433F-13E6-4757-9F4D-37CBE57A3611}.Release|Any CPU.Build.0 = Release|Any CPU
		{76F41F57-222E-4A3A-BEA5-2EB70672E9DE}.Debug|Any CPU.ActiveCfg = Debug|Any CPU
		{76F41F57-222E-4A3A-BEA5-2EB70672E9DE}.Debug|Any CPU.Build.0 = Debug|Any CPU
		{76F41F57-222E-4A3A-BEA5-2EB70672E9DE}.Release|Any CPU.ActiveCfg = Release|Any CPU
		{76F41F57-222E-4A3A-BEA5-2EB70672E9DE}.Release|Any CPU.Build.0 = Release|Any CPU
		{D685701B-5818-4D93-B9D4-9C30BF02F531}.Debug|Any CPU.ActiveCfg = Debug|Any CPU
		{D685701B-5818-4D93-B9D4-9C30BF02F531}.Debug|Any CPU.Build.0 = Debug|Any CPU
		{D685701B-5818-4D93-B9D4-9C30BF02F531}.Release|Any CPU.ActiveCfg = Release|Any CPU
		{D685701B-5818-4D93-B9D4-9C30BF02F531}.Release|Any CPU.Build.0 = Release|Any CPU
		{0FFA1C20-200F-4786-B9A6-61B1731CB8F6}.Debug|Any CPU.ActiveCfg = Debug|Any CPU
		{0FFA1C20-200F-4786-B9A6-61B1731CB8F6}.Debug|Any CPU.Build.0 = Debug|Any CPU
		{0FFA1C20-200F-4786-B9A6-61B1731CB8F6}.Release|Any CPU.ActiveCfg = Release|Any CPU
		{0FFA1C20-200F-4786-B9A6-61B1731CB8F6}.Release|Any CPU.Build.0 = Release|Any CPU
		{8F1C136D-5F9C-4374-80AE-9334CFC91A90}.Debug|Any CPU.ActiveCfg = Debug|Any CPU
		{8F1C136D-5F9C-4374-80AE-9334CFC91A90}.Debug|Any CPU.Build.0 = Debug|Any CPU
		{8F1C136D-5F9C-4374-80AE-9334CFC91A90}.Release|Any CPU.ActiveCfg = Release|Any CPU
		{8F1C136D-5F9C-4374-80AE-9334CFC91A90}.Release|Any CPU.Build.0 = Release|Any CPU
	EndGlobalSection
	GlobalSection(SolutionProperties) = preSolution
		HideSolutionNode = FALSE
	EndGlobalSection
	GlobalSection(ExtensibilityGlobals) = postSolution
		SolutionGuid = {0177592B-799A-41A6-8D47-52A709B8C16F}
	EndGlobalSection
EndGlobal
